// !$*UTF8*$!
{
	archiveVersion = 1;
	classes = {
	};
	objectVersion = 50;
	objects = {

/* Begin PBXBuildFile section */
		4D6D23B1219959E600CE1C0C /* AppDelegate.m in Sources */ = {isa = PBXBuildFile; fileRef = 4D6D23B0219959E600CE1C0C /* AppDelegate.m */; };
		4D6D23B4219959E600CE1C0C /* ViewController.m in Sources */ = {isa = PBXBuildFile; fileRef = 4D6D23B3219959E600CE1C0C /* ViewController.m */; };
		4D6D23B7219959E600CE1C0C /* Main.storyboard in Resources */ = {isa = PBXBuildFile; fileRef = 4D6D23B5219959E600CE1C0C /* Main.storyboard */; };
		4D6D23B9219959EE00CE1C0C /* Assets.xcassets in Resources */ = {isa = PBXBuildFile; fileRef = 4D6D23B8219959EE00CE1C0C /* Assets.xcassets */; };
		4D6D23BC219959EE00CE1C0C /* LaunchScreen.storyboard in Resources */ = {isa = PBXBuildFile; fileRef = 4D6D23BA219959EE00CE1C0C /* LaunchScreen.storyboard */; };
		4D6D23BF219959EE00CE1C0C /* main.m in Sources */ = {isa = PBXBuildFile; fileRef = 4D6D23BE219959EE00CE1C0C /* main.m */; };
		4D78C4CE219C055100A68EE5 /* 12306.cer in Resources */ = {isa = PBXBuildFile; fileRef = 4D78C4CD219C055100A68EE5 /* 12306.cer */; };
		4D78C4D0219C059D00A68EE5 /* apple.cer in Resources */ = {isa = PBXBuildFile; fileRef = 4D78C4CF219C059D00A68EE5 /* apple.cer */; };
		DA318003E54AAB4FB1BEAA9C /* libPods-AAA.a in Frameworks */ = {isa = PBXBuildFile; fileRef = 947002423588D18F9E34CB81 /* libPods-AAA.a */; };
/* End PBXBuildFile section */

/* Begin PBXFileReference section */
		4D6D23AC219959E600CE1C0C /* AAA.app */ = {isa = PBXFileReference; explicitFileType = wrapper.application; includeInIndex = 0; path = AAA.app; sourceTree = BUILT_PRODUCTS_DIR; };
		4D6D23AF219959E600CE1C0C /* AppDelegate.h */ = {isa = PBXFileReference; lastKnownFileType = sourcecode.c.h; path = AppDelegate.h; sourceTree = "<group>"; };
		4D6D23B0219959E600CE1C0C /* AppDelegate.m */ = {isa = PBXFileReference; lastKnownFileType = sourcecode.c.objc; path = AppDelegate.m; sourceTree = "<group>"; };
		4D6D23B2219959E600CE1C0C /* ViewController.h */ = {isa = PBXFileReference; lastKnownFileType = sourcecode.c.h; path = ViewController.h; sourceTree = "<group>"; };
		4D6D23B3219959E600CE1C0C /* ViewController.m */ = {isa = PBXFileReference; lastKnownFileType = sourcecode.c.objc; path = ViewController.m; sourceTree = "<group>"; };
		4D6D23B6219959E600CE1C0C /* Base */ = {isa = PBXFileReference; lastKnownFileType = file.storyboard; name = Base; path = Base.lproj/Main.storyboard; sourceTree = "<group>"; };
		4D6D23B8219959EE00CE1C0C /* Assets.xcassets */ = {isa = PBXFileReference; lastKnownFileType = folder.assetcatalog; path = Assets.xcassets; sourceTree = "<group>"; };
		4D6D23BB219959EE00CE1C0C /* Base */ = {isa = PBXFileReference; lastKnownFileType = file.storyboard; name = Base; path = Base.lproj/LaunchScreen.storyboard; sourceTree = "<group>"; };
		4D6D23BD219959EE00CE1C0C /* Info.plist */ = {isa = PBXFileReference; lastKnownFileType = text.plist.xml; path = Info.plist; sourceTree = "<group>"; };
		4D6D23BE219959EE00CE1C0C /* main.m */ = {isa = PBXFileReference; lastKnownFileType = sourcecode.c.objc; path = main.m; sourceTree = "<group>"; };
		4D78C4CD219C055100A68EE5 /* 12306.cer */ = {isa = PBXFileReference; fileEncoding = 4; lastKnownFileType = text; name = 12306.cer; path = ../../../12306.cer; sourceTree = "<group>"; };
		4D78C4CF219C059D00A68EE5 /* apple.cer */ = {isa = PBXFileReference; fileEncoding = 4; lastKnownFileType = text; name = apple.cer; path = ../../../apple.cer; sourceTree = "<group>"; };
		4D78C4D3219C146700A68EE5 /* baidu.com.cer */ = {isa = PBXFileReference; lastKnownFileType = file; name = baidu.com.cer; path = ../../../baidu.com.cer; sourceTree = "<group>"; };
		947002423588D18F9E34CB81 /* libPods-AAA.a */ = {isa = PBXFileReference; explicitFileType = archive.ar; includeInIndex = 0; path = "libPods-AAA.a"; sourceTree = BUILT_PRODUCTS_DIR; };
		B268F34159594B6F641AFE3E /* Pods-AAA.debug.xcconfig */ = {isa = PBXFileReference; includeInIndex = 1; lastKnownFileType = text.xcconfig; name = "Pods-AAA.debug.xcconfig"; path = "Pods/Target Support Files/Pods-AAA/Pods-AAA.debug.xcconfig"; sourceTree = "<group>"; };
		EACC3F5EECBA5E2625C3B9F6 /* Pods-AAA.release.xcconfig */ = {isa = PBXFileReference; includeInIndex = 1; lastKnownFileType = text.xcconfig; name = "Pods-AAA.release.xcconfig"; path = "Pods/Target Support Files/Pods-AAA/Pods-AAA.release.xcconfig"; sourceTree = "<group>"; };
/* End PBXFileReference section */

/* Begin PBXFrameworksBuildPhase section */
		4D6D23A9219959E600CE1C0C /* Frameworks */ = {
			isa = PBXFrameworksBuildPhase;
			buildActionMask = 2147483647;
			files = (
				DA318003E54AAB4FB1BEAA9C /* libPods-AAA.a in Frameworks */,
			);
			runOnlyForDeploymentPostprocessing = 0;
		};
/* End PBXFrameworksBuildPhase section */

/* Begin PBXGroup section */
		3E675625ACABE6BFC80489BF /* Frameworks */ = {
			isa = PBXGroup;
			children = (
				947002423588D18F9E34CB81 /* libPods-AAA.a */,
			);
			name = Frameworks;
			sourceTree = "<group>";
		};
		4D6D23A3219959E500CE1C0C = {
			isa = PBXGroup;
			children = (
				4D6D23AE219959E600CE1C0C /* AAA */,
				4D6D23AD219959E600CE1C0C /* Products */,
				B865A9AC55C63BA5F2AA7A1F /* Pods */,
				3E675625ACABE6BFC80489BF /* Frameworks */,
			);
			sourceTree = "<group>";
		};
		4D6D23AD219959E600CE1C0C /* Products */ = {
			isa = PBXGroup;
			children = (
				4D6D23AC219959E600CE1C0C /* AAA.app */,
			);
			name = Products;
			sourceTree = "<group>";
		};
		4D6D23AE219959E600CE1C0C /* AAA */ = {
			isa = PBXGroup;
			children = (
				4D78C4D3219C146700A68EE5 /* baidu.com.cer */,
				4D78C4CF219C059D00A68EE5 /* apple.cer */,
				4D78C4CD219C055100A68EE5 /* 12306.cer */,
				4D6D23AF219959E600CE1C0C /* AppDelegate.h */,
				4D6D23B0219959E600CE1C0C /* AppDelegate.m */,
				4D6D23B2219959E600CE1C0C /* ViewController.h */,
				4D6D23B3219959E600CE1C0C /* ViewController.m */,
				4D6D23B5219959E600CE1C0C /* Main.storyboard */,
				4D6D23B8219959EE00CE1C0C /* Assets.xcassets */,
				4D6D23BA219959EE00CE1C0C /* LaunchScreen.storyboard */,
				4D6D23BD219959EE00CE1C0C /* Info.plist */,
				4D6D23BE219959EE00CE1C0C /* main.m */,
			);
			path = AAA;
			sourceTree = "<group>";
		};
		B865A9AC55C63BA5F2AA7A1F /* Pods */ = {
			isa = PBXGroup;
			children = (
				B268F34159594B6F641AFE3E /* Pods-AAA.debug.xcconfig */,
				EACC3F5EECBA5E2625C3B9F6 /* Pods-AAA.release.xcconfig */,
			);
			name = Pods;
			sourceTree = "<group>";
		};
/* End PBXGroup section */

/* Begin PBXNativeTarget section */
		4D6D23AB219959E600CE1C0C /* AAA */ = {
			isa = PBXNativeTarget;
			buildConfigurationList = 4D6D23C2219959EE00CE1C0C /* Build configuration list for PBXNativeTarget "AAA" */;
			buildPhases = (
				CC860F3CA2C81F04A872E382 /* [CP] Check Pods Manifest.lock */,
				4D6D23A8219959E600CE1C0C /* Sources */,
				4D6D23A9219959E600CE1C0C /* Frameworks */,
				4D6D23AA219959E600CE1C0C /* Resources */,
			);
			buildRules = (
			);
			dependencies = (
			);
			name = AAA;
			productName = AAA;
			productReference = 4D6D23AC219959E600CE1C0C /* AAA.app */;
			productType = "com.apple.product-type.application";
		};
/* End PBXNativeTarget section */

/* Begin PBXProject section */
		4D6D23A4219959E500CE1C0C /* Project object */ = {
			isa = PBXProject;
			attributes = {
				CLASSPREFIX = PPP;
				LastUpgradeCheck = 1000;
				ORGANIZATIONNAME = "宋佳";
				TargetAttributes = {
					4D6D23AB219959E600CE1C0C = {
						CreatedOnToolsVersion = 10.0;
					};
				};
			};
			buildConfigurationList = 4D6D23A7219959E500CE1C0C /* Build configuration list for PBXProject "AAA" */;
			compatibilityVersion = "Xcode 9.3";
			developmentRegion = en;
			hasScannedForEncodings = 0;
			knownRegions = (
				en,
				Base,
			);
			mainGroup = 4D6D23A3219959E500CE1C0C;
			productRefGroup = 4D6D23AD219959E600CE1C0C /* Products */;
			projectDirPath = "";
			projectRoot = "";
			targets = (
				4D6D23AB219959E600CE1C0C /* AAA */,
			);
		};
/* End PBXProject section */

/* Begin PBXResourcesBuildPhase section */
		4D6D23AA219959E600CE1C0C /* Resources */ = {
			isa = PBXResourcesBuildPhase;
			buildActionMask = 2147483647;
			files = (
				4D6D23BC219959EE00CE1C0C /* LaunchScreen.storyboard in Resources */,
				4D78C4CE219C055100A68EE5 /* 12306.cer in Resources */,
				4D78C4D0219C059D00A68EE5 /* apple.cer in Resources */,
				4D6D23B9219959EE00CE1C0C /* Assets.xcassets in Resources */,
				4D6D23B7219959E600CE1C0C /* Main.storyboard in Resources */,
			);
			runOnlyForDeploymentPostprocessing = 0;
		};
/* End PBXResourcesBuildPhase section */

/* Begin PBXShellScriptBuildPhase section */
		CC860F3CA2C81F04A872E382 /* [CP] Check Pods Manifest.lock */ = {
			isa = PBXShellScriptBuildPhase;
			buildActionMask = 2147483647;
			files = (
			);
			inputFileListPaths = (
			);
			inputPaths = (
				"${PODS_PODFILE_DIR_PATH}/Podfile.lock",
				"${PODS_ROOT}/Manifest.lock",
			);
			name = "[CP] Check Pods Manifest.lock";
			outputFileListPaths = (
			);
			outputPaths = (
				"$(DERIVED_FILE_DIR)/Pods-AAA-checkManifestLockResult.txt",
			);
			runOnlyForDeploymentPostprocessing = 0;
			shellPath = /bin/sh;
			shellScript = "diff \"${PODS_PODFILE_DIR_PATH}/Podfile.lock\" \"${PODS_ROOT}/Manifest.lock\" > /dev/null\nif [ $? != 0 ] ; then\n    # print error to STDERR\n    echo \"error: The sandbox is not in sync with the Podfile.lock. Run 'pod install' or update your CocoaPods installation.\" >&2\n    exit 1\nfi\n# This output is used by Xcode 'outputs' to avoid re-running this script phase.\necho \"SUCCESS\" > \"${SCRIPT_OUTPUT_FILE_0}\"\n";
			showEnvVarsInLog = 0;
		};
/* End PBXShellScriptBuildPhase section */

/* Begin PBXSourcesBuildPhase section */
		4D6D23A8219959E600CE1C0C /* Sources */ = {
			isa = PBXSourcesBuildPhase;
			buildActionMask = 2147483647;
			files = (
				4D6D23B4219959E600CE1C0C /* ViewController.m in Sources */,
				4D6D23BF219959EE00CE1C0C /* main.m in Sources */,
				4D6D23B1219959E600CE1C0C /* AppDelegate.m in Sources */,
			);
			runOnlyForDeploymentPostprocessing = 0;
		};
/* End PBXSourcesBuildPhase section */

/* Begin PBXVariantGroup section */
		4D6D23B5219959E600CE1C0C /* Main.storyboard */ = {
			isa = PBXVariantGroup;
			children = (
				4D6D23B6219959E600CE1C0C /* Base */,
			);
			name = Main.storyboard;
			sourceTree = "<group>";
		};
		4D6D23BA219959EE00CE1C0C /* LaunchScreen.storyboard */ = {
			isa = PBXVariantGroup;
			children = (
				4D6D23BB219959EE00CE1C0C /* Base */,
			);
			name = LaunchScreen.storyboard;
			sourceTree = "<group>";
		};
/* End PBXVariantGroup section */

/* Begin XCBuildConfiguration section */
		4D6D23C0219959EE00CE1C0C /* Debug */ = {
			isa = XCBuildConfiguration;
			buildSettings = {
				ALWAYS_SEARCH_USER_PATHS = NO;
				CLANG_ANALYZER_NONNULL = YES;
				CLANG_ANALYZER_NUMBER_OBJECT_CONVERSION = YES_AGGRESSIVE;
				CLANG_CXX_LANGUAGE_STANDARD = "gnu++14";
				CLANG_CXX_LIBRARY = "libc++";
				CLANG_ENABLE_MODULES = YES;
				CLANG_ENABLE_OBJC_ARC = YES;
				CLANG_ENABLE_OBJC_WEAK = YES;
				CLANG_WARN_BLOCK_CAPTURE_AUTORELEASING = YES;
				CLANG_WARN_BOOL_CONVERSION = YES;
				CLANG_WARN_COMMA = YES;
				CLANG_WARN_CONSTANT_CONVERSION = YES;
				CLANG_WARN_DEPRECATED_OBJC_IMPLEMENTATIONS = YES;
				CLANG_WARN_DIRECT_OBJC_ISA_USAGE = YES_ERROR;
				CLANG_WARN_DOCUMENTATION_COMMENTS = YES;
				CLANG_WARN_EMPTY_BODY = YES;
				CLANG_WARN_ENUM_CONVERSION = YES;
				CLANG_WARN_INFINITE_RECURSION = YES;
				CLANG_WARN_INT_CONVERSION = YES;
				CLANG_WARN_NON_LITERAL_NULL_CONVERSION = YES;
				CLANG_WARN_OBJC_IMPLICIT_RETAIN_SELF = YES;
				CLANG_WARN_OBJC_LITERAL_CONVERSION = YES;
				CLANG_WARN_OBJC_ROOT_CLASS = YES_ERROR;
				CLANG_WARN_RANGE_LOOP_ANALYSIS = YES;
				CLANG_WARN_STRICT_PROTOTYPES = YES;
				CLANG_WARN_SUSPICIOUS_MOVE = YES;
				CLANG_WARN_UNGUARDED_AVAILABILITY = YES_AGGRESSIVE;
				CLANG_WARN_UNREACHABLE_CODE = YES;
				CLANG_WARN__DUPLICATE_METHOD_MATCH = YES;
				CODE_SIGN_IDENTITY = "iPhone Developer";
				COPY_PHASE_STRIP = NO;
				DEBUG_INFORMATION_FORMAT = dwarf;
				ENABLE_STRICT_OBJC_MSGSEND = YES;
				ENABLE_TESTABILITY = YES;
				GCC_C_LANGUAGE_STANDARD = gnu11;
				GCC_DYNAMIC_NO_PIC = NO;
				GCC_NO_COMMON_BLOCKS = YES;
				GCC_OPTIMIZATION_LEVEL = 0;
				GCC_PREPROCESSOR_DEFINITIONS = (
					"DEBUG=1",
					"$(inherited)",
				);
				GCC_WARN_64_TO_32_BIT_CONVERSION = YES;
				GCC_WARN_ABOUT_RETURN_TYPE = YES_ERROR;
				GCC_WARN_UNDECLARED_SELECTOR = YES;
				GCC_WARN_UNINITIALIZED_AUTOS = YES_AGGRESSIVE;
				GCC_WARN_UNUSED_FUNCTION = YES;
				GCC_WARN_UNUSED_VARIABLE = YES;
				IPHONEOS_DEPLOYMENT_TARGET = 12.0;
				MTL_ENABLE_DEBUG_INFO = INCLUDE_SOURCE;
				MTL_FAST_MATH = YES;
				ONLY_ACTIVE_ARCH = YES;
				SDKROOT = iphoneos;
			};
			name = Debug;
		};
		4D6D23C1219959EE00CE1C0C /* Release */ = {
			isa = XCBuildConfiguration;
			buildSettings = {
				ALWAYS_SEARCH_USER_PATHS = NO;
				CLANG_ANALYZER_NONNULL = YES;
				CLANG_ANALYZER_NUMBER_OBJECT_CONVERSION = YES_AGGRESSIVE;
				CLANG_CXX_LANGUAGE_STANDARD = "gnu++14";
				CLANG_CXX_LIBRARY = "libc++";
				CLANG_ENABLE_MODULES = YES;
				CLANG_ENABLE_OBJC_ARC = YES;
				CLANG_ENABLE_OBJC_WEAK = YES;
				CLANG_WARN_BLOCK_CAPTURE_AUTORELEASING = YES;
				CLANG_WARN_BOOL_CONVERSION = YES;
				CLANG_WARN_COMMA = YES;
				CLANG_WARN_CONSTANT_CONVERSION = YES;
				CLANG_WARN_DEPRECATED_OBJC_IMPLEMENTATIONS = YES;
				CLANG_WARN_DIRECT_OBJC_ISA_USAGE = YES_ERROR;
				CLANG_WARN_DOCUMENTATION_COMMENTS = YES;
				CLANG_WARN_EMPTY_BODY = YES;
				CLANG_WARN_ENUM_CONVERSION = YES;
				CLANG_WARN_INFINITE_RECURSION = YES;
				CLANG_WARN_INT_CONVERSION = YES;
				CLANG_WARN_NON_LITERAL_NULL_CONVERSION = YES;
				CLANG_WARN_OBJC_IMPLICIT_RETAIN_SELF = YES;
				CLANG_WARN_OBJC_LITERAL_CONVERSION = YES;
				CLANG_WARN_OBJC_ROOT_CLASS = YES_ERROR;
				CLANG_WARN_RANGE_LOOP_ANALYSIS = YES;
				CLANG_WARN_STRICT_PROTOTYPES = YES;
				CLANG_WARN_SUSPICIOUS_MOVE = YES;
				CLANG_WARN_UNGUARDED_AVAILABILITY = YES_AGGRESSIVE;
				CLANG_WARN_UNREACHABLE_CODE = YES;
				CLANG_WARN__DUPLICATE_METHOD_MATCH = YES;
				CODE_SIGN_IDENTITY = "iPhone Developer";
				COPY_PHASE_STRIP = NO;
				DEBUG_INFORMATION_FORMAT = "dwarf-with-dsym";
				ENABLE_NS_ASSERTIONS = NO;
				ENABLE_STRICT_OBJC_MSGSEND = YES;
				GCC_C_LANGUAGE_STANDARD = gnu11;
				GCC_NO_COMMON_BLOCKS = YES;
				GCC_WARN_64_TO_32_BIT_CONVERSION = YES;
				GCC_WARN_ABOUT_RETURN_TYPE = YES_ERROR;
				GCC_WARN_UNDECLARED_SELECTOR = YES;
				GCC_WARN_UNINITIALIZED_AUTOS = YES_AGGRESSIVE;
				GCC_WARN_UNUSED_FUNCTION = YES;
				GCC_WARN_UNUSED_VARIABLE = YES;
				IPHONEOS_DEPLOYMENT_TARGET = 12.0;
				MTL_ENABLE_DEBUG_INFO = NO;
				MTL_FAST_MATH = YES;
				SDKROOT = iphoneos;
				VALIDATE_PRODUCT = YES;
			};
			name = Release;
		};
		4D6D23C3219959EE00CE1C0C /* Debug */ = {
			isa = XCBuildConfiguration;
			baseConfigurationReference = B268F34159594B6F641AFE3E /* Pods-AAA.debug.xcconfig */;
			buildSettings = {
				ASSETCATALOG_COMPILER_APPICON_NAME = AppIcon;
				CODE_SIGN_STYLE = Automatic;
				DEVELOPMENT_TEAM = BT2M2JL2KR;
				INFOPLIST_FILE = AAA/Info.plist;
				LD_RUNPATH_SEARCH_PATHS = (
					"$(inherited)",
					"@executable_path/Frameworks",
				);
				PRODUCT_BUNDLE_IDENTIFIER = com.simpleSong.AAA;
				PRODUCT_NAME = "$(TARGET_NAME)";
				TARGETED_DEVICE_FAMILY = "1,2";
			};
			name = Debug;
		};
		4D6D23C4219959EE00CE1C0C /* Release */ = {
			isa = XCBuildConfiguration;
			baseConfigurationReference = EACC3F5EECBA5E2625C3B9F6 /* Pods-AAA.release.xcconfig */;
			buildSettings = {
				ASSETCATALOG_COMPILER_APPICON_NAME = AppIcon;
				CODE_SIGN_STYLE = Automatic;
				DEVELOPMENT_TEAM = BT2M2JL2KR;
				INFOPLIST_FILE = AAA/Info.plist;
				LD_RUNPATH_SEARCH_PATHS = (
					"$(inherited)",
					"@executable_path/Frameworks",
				);
				PRODUCT_BUNDLE_IDENTIFIER = com.simpleSong.AAA;
				PRODUCT_NAME = "$(TARGET_NAME)";
				TARGETED_DEVICE_FAMILY = "1,2";
			};
			name = Release;
		};
/* End XCBuildConfiguration section */

/* Begin XCConfigurationList section */
		4D6D23A7219959E500CE1C0C /* Build configuration list for PBXProject "AAA" */ = {
			isa = XCConfigurationList;
			buildConfigurations = (
				4D6D23C0219959EE00CE1C0C /* Debug */,
				4D6D23C1219959EE00CE1C0C /* Release */,
			);
			defaultConfigurationIsVisible = 0;
			defaultConfigurationName = Release;
		};
		4D6D23C2219959EE00CE1C0C /* Build configuration list for PBXNativeTarget "AAA" */ = {
			isa = XCConfigurationList;
			buildConfigurations = (
				4D6D23C3219959EE00CE1C0C /* Debug */,
				4D6D23C4219959EE00CE1C0C /* Release */,
			);
			defaultConfigurationIsVisible = 0;
			defaultConfigurationName = Release;
		};
/* End XCConfigurationList section */
	};
	rootObject = 4D6D23A4219959E500CE1C0C /* Project object */;
}
